
Microsoft Visual Studio Solution File, Format Version 12.00
# Visual Studio 14
VisualStudioVersion = 14.0.25123.0
MinimumVisualStudioVersion = 10.0.40219.1
Project("{2150E333-8FDC-42A3-9474-1A3956D46DE8}") = "Drawing with loops", "Drawing with loops", "{E5874454-9E49-4E10-95D0-A51D90049A23}"
EndProject
Project("{FAE04EC0-301F-11D3-BF4B-00C04F79EFBC}") = "01.Rectangle10Stars", "01.Rectangle10Stars\01.Rectangle10Stars.csproj", "{DA9D7251-3D95-4DF5-8F64-CA6D73BBCA7E}"
EndProject
Project("{FAE04EC0-301F-11D3-BF4B-00C04F79EFBC}") = "02.RectangleofNstars", "02.RectangleofNstars\02.RectangleofNstars.csproj", "{CFF7B867-D525-4EC6-9F6D-11A34F19EDC4}"
EndProject
Project("{FAE04EC0-301F-11D3-BF4B-00C04F79EFBC}") = "03.SquareOFstars", "03.SquareOFstars\03.SquareOFstars.csproj", "{A6007492-7DA5-4950-8BF7-E65D3DE1FCD8}"
EndProject
Project("{FAE04EC0-301F-11D3-BF4B-00C04F79EFBC}") = "04.TriangleOFdollars", "04.TriangleOFdollars\04.TriangleOFdollars.csproj", "{8437517B-3E3B-4ECF-B79C-227A43126A17}"
EndProject
Project("{FAE04EC0-301F-11D3-BF4B-00C04F79EFBC}") = "05.SquareFrame", "05.SquareFrame\05.SquareFrame.csproj", "{5945DEC4-CFF6-491B-891B-774EC59A3143}"
EndProject
Project("{FAE04EC0-301F-11D3-BF4B-00C04F79EFBC}") = "06. Stars", "06. Stars\06. Stars.csproj", "{1C24F56F-47DB-4EF1-AC5A-376AC3EBDDE7}"
EndProject
Project("{FAE04EC0-301F-11D3-BF4B-00C04F79EFBC}") = "07.ChristmassTree", "07.ChristmassTree\07.ChristmassTree.csproj", "{BC9F71DF-2EDD-40EE-B8BF-757723F31BF5}"
EndProject
Project("{FAE04EC0-301F-11D3-BF4B-00C04F79EFBC}") = "08. SunGlasses", "08. SunGlasses\08. SunGlasses.csproj", "{DF0F6ECB-FA35-4E27-81CE-4F620D50515C}"
EndProject
Project("{FAE04EC0-301F-11D3-BF4B-00C04F79EFBC}") = "09. House", "09. House\09. House.csproj", "{C5CDEEBE-E545-4098-A7B3-24A7BEC0F142}"
EndProject
Project("{FAE04EC0-301F-11D3-BF4B-00C04F79EFBC}") = "10.Diamond", "10.Diamond\10.Diamond.csproj", "{72BC9DE4-4899-49AB-BBB9-F5F1011728EE}"
EndProject
Project("{FAE04EC0-301F-11D3-BF4B-00C04F79EFBC}") = "11.Castle", "11.Castle\11.Castle.csproj", "{43EFEDBB-5737-4A9E-84DD-F8E178CFE692}"
EndProject
Project("{FAE04EC0-301F-11D3-BF4B-00C04F79EFBC}") = "12.Butterfly", "12.Butterfly\12.Butterfly.csproj", "{80891A3F-C079-40C1-B718-ADCEE3A9F46C}"
EndProject
Project("{FAE04EC0-301F-11D3-BF4B-00C04F79EFBC}") = "13. Diamond 1707", "13. Diamond\13. Diamond 1707.csproj", "{B74C1C00-9111-4A5E-BC29-C9671F7A11D2}"
EndProject
Project("{FAE04EC0-301F-11D3-BF4B-00C04F79EFBC}") = "14. Diamond 012016", "14. Diamond 012016\14. Diamond 012016.csproj", "{9B7D9065-0EA9-41BB-8D8C-AA2564338CEB}"
EndProject
Project("{FAE04EC0-301F-11D3-BF4B-00C04F79EFBC}") = "15. Rectangle", "15. Rectangle\15. Rectangle.csproj", "{3D78025F-7DC3-44D2-8F6C-D42B22730F1C}"
EndProject
Project("{FAE04EC0-301F-11D3-BF4B-00C04F79EFBC}") = "16.Flower", "16.Flower\16.Flower.csproj", "{4D8B2ACE-AED4-452A-B6BC-EF02858DEF2F}"
EndProject
Project("{2150E333-8FDC-42A3-9474-1A3956D46DE8}") = "CSharp 14 April 2014 Evening", "CSharp 14 April 2014 Evening", "{B49CE204-A897-4D3E-BA4C-F82313F3040D}"
EndProject
Project("{FAE04EC0-301F-11D3-BF4B-00C04F79EFBC}") = "01. Inside the Building", "01. Inside the Building\01. Inside the Building.csproj", "{19D61BA4-4B53-49D1-BC0E-CFB80F674E17}"
EndProject
Project("{2150E333-8FDC-42A3-9474-1A3956D46DE8}") = "CSharp 10 April 2014 Morning", "CSharp 10 April 2014 Morning", "{AD1D9A68-6102-4870-AC92-82FC4F267BBA}"
EndProject
Project("{FAE04EC0-301F-11D3-BF4B-00C04F79EFBC}") = "01. Joro The Football Player", "01. Joro The Football Player\01. Joro The Football Player.csproj", "{064B4C48-10E7-49FC-9A9D-8FA36DEBA0C1}"
EndProject
Project("{FAE04EC0-301F-11D3-BF4B-00C04F79EFBC}") = "02. Half Sum", "02. Half Sum\02. Half Sum.csproj", "{3009A050-9BCE-400F-8C36-EF3FDA60B205}"
EndProject
Project("{FAE04EC0-301F-11D3-BF4B-00C04F79EFBC}") = "03. Sunglasses", "03. Sunglasses\03. Sunglasses.csproj", "{B007154E-18D2-40DF-9EED-9B64FE1C6F05}"
EndProject
Project("{FAE04EC0-301F-11D3-BF4B-00C04F79EFBC}") = "04. Nine Digit Magic Numbers", "04. Nine Digit Magic Numbers\04. Nine Digit Magic Numbers.csproj", "{74C91F7B-797E-4216-AA48-6D07C8CC003E}"
EndProject
Project("{2150E333-8FDC-42A3-9474-1A3956D46DE8}") = "CSharp10 April 2014 Evening", "CSharp10 April 2014 Evening", "{0295761B-05CC-49AD-8689-C3DCD877DBB5}"
EndProject
Project("{FAE04EC0-301F-11D3-BF4B-00C04F79EFBC}") = "01. Volleyball", "01. Volleyball\01. Volleyball.csproj", "{265C2A92-17E5-4E73-AD5B-F85F1BBBD250}"
EndProject
Project("{FAE04EC0-301F-11D3-BF4B-00C04F79EFBC}") = "02. Odd Even Sum", "02. Odd Even Sum\02. Odd Even Sum.csproj", "{710E304E-743B-433D-8DE7-115AADE757F1}"
EndProject
Project("{FAE04EC0-301F-11D3-BF4B-00C04F79EFBC}") = "03. Eclipse", "03. Eclipse\03. Eclipse.csproj", "{F62BC1C4-BBBF-47A6-BCE0-0DF2A8A2744D}"
EndProject
Project("{2150E333-8FDC-42A3-9474-1A3956D46DE8}") = "CSharp 11 April 2014 Morning", "CSharp 11 April 2014 Morning", "{AD932B8C-A6E4-43C8-8526-12D193BDF5CB}"
EndProject
Project("{FAE04EC0-301F-11D3-BF4B-00C04F79EFBC}") = "01. Work Hours", "01. Work Hours\01. Work Hours.csproj", "{8DFC07DF-BACF-4EFC-BB79-25B8FAF93092}"
EndProject
Global
	GlobalSection(SolutionConfigurationPlatforms) = preSolution
		Debug|Any CPU = Debug|Any CPU
		Release|Any CPU = Release|Any CPU
	EndGlobalSection
	GlobalSection(ProjectConfigurationPlatforms) = postSolution
		{DA9D7251-3D95-4DF5-8F64-CA6D73BBCA7E}.Debug|Any CPU.ActiveCfg = Debug|Any CPU
		{DA9D7251-3D95-4DF5-8F64-CA6D73BBCA7E}.Debug|Any CPU.Build.0 = Debug|Any CPU
		{DA9D7251-3D95-4DF5-8F64-CA6D73BBCA7E}.Release|Any CPU.ActiveCfg = Release|Any CPU
		{DA9D7251-3D95-4DF5-8F64-CA6D73BBCA7E}.Release|Any CPU.Build.0 = Release|Any CPU
		{CFF7B867-D525-4EC6-9F6D-11A34F19EDC4}.Debug|Any CPU.ActiveCfg = Debug|Any CPU
		{CFF7B867-D525-4EC6-9F6D-11A34F19EDC4}.Debug|Any CPU.Build.0 = Debug|Any CPU
		{CFF7B867-D525-4EC6-9F6D-11A34F19EDC4}.Release|Any CPU.ActiveCfg = Release|Any CPU
		{CFF7B867-D525-4EC6-9F6D-11A34F19EDC4}.Release|Any CPU.Build.0 = Release|Any CPU
		{A6007492-7DA5-4950-8BF7-E65D3DE1FCD8}.Debug|Any CPU.ActiveCfg = Debug|Any CPU
		{A6007492-7DA5-4950-8BF7-E65D3DE1FCD8}.Debug|Any CPU.Build.0 = Debug|Any CPU
		{A6007492-7DA5-4950-8BF7-E65D3DE1FCD8}.Release|Any CPU.ActiveCfg = Release|Any CPU
		{A6007492-7DA5-4950-8BF7-E65D3DE1FCD8}.Release|Any CPU.Build.0 = Release|Any CPU
		{8437517B-3E3B-4ECF-B79C-227A43126A17}.Debug|Any CPU.ActiveCfg = Debug|Any CPU
		{8437517B-3E3B-4ECF-B79C-227A43126A17}.Debug|Any CPU.Build.0 = Debug|Any CPU
		{8437517B-3E3B-4ECF-B79C-227A43126A17}.Release|Any CPU.ActiveCfg = Release|Any CPU
		{8437517B-3E3B-4ECF-B79C-227A43126A17}.Release|Any CPU.Build.0 = Release|Any CPU
		{5945DEC4-CFF6-491B-891B-774EC59A3143}.Debug|Any CPU.ActiveCfg = Debug|Any CPU
		{5945DEC4-CFF6-491B-891B-774EC59A3143}.Debug|Any CPU.Build.0 = Debug|Any CPU
		{5945DEC4-CFF6-491B-891B-774EC59A3143}.Release|Any CPU.ActiveCfg = Release|Any CPU
		{5945DEC4-CFF6-491B-891B-774EC59A3143}.Release|Any CPU.Build.0 = Release|Any CPU
		{1C24F56F-47DB-4EF1-AC5A-376AC3EBDDE7}.Debug|Any CPU.ActiveCfg = Debug|Any CPU
		{1C24F56F-47DB-4EF1-AC5A-376AC3EBDDE7}.Debug|Any CPU.Build.0 = Debug|Any CPU
		{1C24F56F-47DB-4EF1-AC5A-376AC3EBDDE7}.Release|Any CPU.ActiveCfg = Release|Any CPU
		{1C24F56F-47DB-4EF1-AC5A-376AC3EBDDE7}.Release|Any CPU.Build.0 = Release|Any CPU
		{BC9F71DF-2EDD-40EE-B8BF-757723F31BF5}.Debug|Any CPU.ActiveCfg = Debug|Any CPU
		{BC9F71DF-2EDD-40EE-B8BF-757723F31BF5}.Debug|Any CPU.Build.0 = Debug|Any CPU
		{BC9F71DF-2EDD-40EE-B8BF-757723F31BF5}.Release|Any CPU.ActiveCfg = Release|Any CPU
		{BC9F71DF-2EDD-40EE-B8BF-757723F31BF5}.Release|Any CPU.Build.0 = Release|Any CPU
		{DF0F6ECB-FA35-4E27-81CE-4F620D50515C}.Debug|Any CPU.ActiveCfg = Debug|Any CPU
		{DF0F6ECB-FA35-4E27-81CE-4F620D50515C}.Debug|Any CPU.Build.0 = Debug|Any CPU
		{DF0F6ECB-FA35-4E27-81CE-4F620D50515C}.Release|Any CPU.ActiveCfg = Release|Any CPU
		{DF0F6ECB-FA35-4E27-81CE-4F620D50515C}.Release|Any CPU.Build.0 = Release|Any CPU
		{C5CDEEBE-E545-4098-A7B3-24A7BEC0F142}.Debug|Any CPU.ActiveCfg = Debug|Any CPU
		{C5CDEEBE-E545-4098-A7B3-24A7BEC0F142}.Debug|Any CPU.Build.0 = Debug|Any CPU
		{C5CDEEBE-E545-4098-A7B3-24A7BEC0F142}.Release|Any CPU.ActiveCfg = Release|Any CPU
		{C5CDEEBE-E545-4098-A7B3-24A7BEC0F142}.Release|Any CPU.Build.0 = Release|Any CPU
		{72BC9DE4-4899-49AB-BBB9-F5F1011728EE}.Debug|Any CPU.ActiveCfg = Debug|Any CPU
		{72BC9DE4-4899-49AB-BBB9-F5F1011728EE}.Debug|Any CPU.Build.0 = Debug|Any CPU
		{72BC9DE4-4899-49AB-BBB9-F5F1011728EE}.Release|Any CPU.ActiveCfg = Release|Any CPU
		{72BC9DE4-4899-49AB-BBB9-F5F1011728EE}.Release|Any CPU.Build.0 = Release|Any CPU
		{43EFEDBB-5737-4A9E-84DD-F8E178CFE692}.Debug|Any CPU.ActiveCfg = Debug|Any CPU
		{43EFEDBB-5737-4A9E-84DD-F8E178CFE692}.Debug|Any CPU.Build.0 = Debug|Any CPU
		{43EFEDBB-5737-4A9E-84DD-F8E178CFE692}.Release|Any CPU.ActiveCfg = Release|Any CPU
		{43EFEDBB-5737-4A9E-84DD-F8E178CFE692}.Release|Any CPU.Build.0 = Release|Any CPU
		{80891A3F-C079-40C1-B718-ADCEE3A9F46C}.Debug|Any CPU.ActiveCfg = Debug|Any CPU
		{80891A3F-C079-40C1-B718-ADCEE3A9F46C}.Debug|Any CPU.Build.0 = Debug|Any CPU
		{80891A3F-C079-40C1-B718-ADCEE3A9F46C}.Release|Any CPU.ActiveCfg = Release|Any CPU
		{80891A3F-C079-40C1-B718-ADCEE3A9F46C}.Release|Any CPU.Build.0 = Release|Any CPU
		{B74C1C00-9111-4A5E-BC29-C9671F7A11D2}.Debug|Any CPU.ActiveCfg = Debug|Any CPU
		{B74C1C00-9111-4A5E-BC29-C9671F7A11D2}.Debug|Any CPU.Build.0 = Debug|Any CPU
		{B74C1C00-9111-4A5E-BC29-C9671F7A11D2}.Release|Any CPU.ActiveCfg = Release|Any CPU
		{B74C1C00-9111-4A5E-BC29-C9671F7A11D2}.Release|Any CPU.Build.0 = Release|Any CPU
		{9B7D9065-0EA9-41BB-8D8C-AA2564338CEB}.Debug|Any CPU.ActiveCfg = Debug|Any CPU
		{9B7D9065-0EA9-41BB-8D8C-AA2564338CEB}.Debug|Any CPU.Build.0 = Debug|Any CPU
		{9B7D9065-0EA9-41BB-8D8C-AA2564338CEB}.Release|Any CPU.ActiveCfg = Release|Any CPU
		{9B7D9065-0EA9-41BB-8D8C-AA2564338CEB}.Release|Any CPU.Build.0 = Release|Any CPU
		{3D78025F-7DC3-44D2-8F6C-D42B22730F1C}.Debug|Any CPU.ActiveCfg = Debug|Any CPU
		{3D78025F-7DC3-44D2-8F6C-D42B22730F1C}.Debug|Any CPU.Build.0 = Debug|Any CPU
		{3D78025F-7DC3-44D2-8F6C-D42B22730F1C}.Release|Any CPU.ActiveCfg = Release|Any CPU
		{3D78025F-7DC3-44D2-8F6C-D42B22730F1C}.Release|Any CPU.Build.0 = Release|Any CPU
		{4D8B2ACE-AED4-452A-B6BC-EF02858DEF2F}.Debug|Any CPU.ActiveCfg = Debug|Any CPU
		{4D8B2ACE-AED4-452A-B6BC-EF02858DEF2F}.Debug|Any CPU.Build.0 = Debug|Any CPU
		{4D8B2ACE-AED4-452A-B6BC-EF02858DEF2F}.Release|Any CPU.ActiveCfg = Release|Any CPU
		{4D8B2ACE-AED4-452A-B6BC-EF02858DEF2F}.Release|Any CPU.Build.0 = Release|Any CPU
		{19D61BA4-4B53-49D1-BC0E-CFB80F674E17}.Debug|Any CPU.ActiveCfg = Debug|Any CPU
		{19D61BA4-4B53-49D1-BC0E-CFB80F674E17}.Debug|Any CPU.Build.0 = Debug|Any CPU
		{19D61BA4-4B53-49D1-BC0E-CFB80F674E17}.Release|Any CPU.ActiveCfg = Release|Any CPU
		{19D61BA4-4B53-49D1-BC0E-CFB80F674E17}.Release|Any CPU.Build.0 = Release|Any CPU
		{064B4C48-10E7-49FC-9A9D-8FA36DEBA0C1}.Debug|Any CPU.ActiveCfg = Debug|Any CPU
		{064B4C48-10E7-49FC-9A9D-8FA36DEBA0C1}.Debug|Any CPU.Build.0 = Debug|Any CPU
		{064B4C48-10E7-49FC-9A9D-8FA36DEBA0C1}.Release|Any CPU.ActiveCfg = Release|Any CPU
		{064B4C48-10E7-49FC-9A9D-8FA36DEBA0C1}.Release|Any CPU.Build.0 = Release|Any CPU
		{3009A050-9BCE-400F-8C36-EF3FDA60B205}.Debug|Any CPU.ActiveCfg = Debug|Any CPU
		{3009A050-9BCE-400F-8C36-EF3FDA60B205}.Debug|Any CPU.Build.0 = Debug|Any CPU
		{3009A050-9BCE-400F-8C36-EF3FDA60B205}.Release|Any CPU.ActiveCfg = Release|Any CPU
		{3009A050-9BCE-400F-8C36-EF3FDA60B205}.Release|Any CPU.Build.0 = Release|Any CPU
		{B007154E-18D2-40DF-9EED-9B64FE1C6F05}.Debug|Any CPU.ActiveCfg = Debug|Any CPU
		{B007154E-18D2-40DF-9EED-9B64FE1C6F05}.Debug|Any CPU.Build.0 = Debug|Any CPU
		{B007154E-18D2-40DF-9EED-9B64FE1C6F05}.Release|Any CPU.ActiveCfg = Release|Any CPU
		{B007154E-18D2-40DF-9EED-9B64FE1C6F05}.Release|Any CPU.Build.0 = Release|Any CPU
		{74C91F7B-797E-4216-AA48-6D07C8CC003E}.Debug|Any CPU.ActiveCfg = Debug|Any CPU
		{74C91F7B-797E-4216-AA48-6D07C8CC003E}.Debug|Any CPU.Build.0 = Debug|Any CPU
		{74C91F7B-797E-4216-AA48-6D07C8CC003E}.Release|Any CPU.ActiveCfg = Release|Any CPU
		{74C91F7B-797E-4216-AA48-6D07C8CC003E}.Release|Any CPU.Build.0 = Release|Any CPU
		{265C2A92-17E5-4E73-AD5B-F85F1BBBD250}.Debug|Any CPU.ActiveCfg = Debug|Any CPU
		{265C2A92-17E5-4E73-AD5B-F85F1BBBD250}.Debug|Any CPU.Build.0 = Debug|Any CPU
		{265C2A92-17E5-4E73-AD5B-F85F1BBBD250}.Release|Any CPU.ActiveCfg = Release|Any CPU
		{265C2A92-17E5-4E73-AD5B-F85F1BBBD250}.Release|Any CPU.Build.0 = Release|Any CPU
		{710E304E-743B-433D-8DE7-115AADE757F1}.Debug|Any CPU.ActiveCfg = Debug|Any CPU
		{710E304E-743B-433D-8DE7-115AADE757F1}.Debug|Any CPU.Build.0 = Debug|Any CPU
		{710E304E-743B-433D-8DE7-115AADE757F1}.Release|Any CPU.ActiveCfg = Release|Any CPU
		{710E304E-743B-433D-8DE7-115AADE757F1}.Release|Any CPU.Build.0 = Release|Any CPU
		{F62BC1C4-BBBF-47A6-BCE0-0DF2A8A2744D}.Debug|Any CPU.ActiveCfg = Debug|Any CPU
		{F62BC1C4-BBBF-47A6-BCE0-0DF2A8A2744D}.Debug|Any CPU.Build.0 = Debug|Any CPU
		{F62BC1C4-BBBF-47A6-BCE0-0DF2A8A2744D}.Release|Any CPU.ActiveCfg = Release|Any CPU
		{F62BC1C4-BBBF-47A6-BCE0-0DF2A8A2744D}.Release|Any CPU.Build.0 = Release|Any CPU
		{8DFC07DF-BACF-4EFC-BB79-25B8FAF93092}.Debug|Any CPU.ActiveCfg = Debug|Any CPU
		{8DFC07DF-BACF-4EFC-BB79-25B8FAF93092}.Debug|Any CPU.Build.0 = Debug|Any CPU
		{8DFC07DF-BACF-4EFC-BB79-25B8FAF93092}.Release|Any CPU.ActiveCfg = Release|Any CPU
		{8DFC07DF-BACF-4EFC-BB79-25B8FAF93092}.Release|Any CPU.Build.0 = Release|Any CPU
	EndGlobalSection
	GlobalSection(SolutionProperties) = preSolution
		HideSolutionNode = FALSE
	EndGlobalSection
	GlobalSection(NestedProjects) = preSolution
		{DA9D7251-3D95-4DF5-8F64-CA6D73BBCA7E} = {E5874454-9E49-4E10-95D0-A51D90049A23}
		{CFF7B867-D525-4EC6-9F6D-11A34F19EDC4} = {E5874454-9E49-4E10-95D0-A51D90049A23}
		{A6007492-7DA5-4950-8BF7-E65D3DE1FCD8} = {E5874454-9E49-4E10-95D0-A51D90049A23}
		{8437517B-3E3B-4ECF-B79C-227A43126A17} = {E5874454-9E49-4E10-95D0-A51D90049A23}
		{5945DEC4-CFF6-491B-891B-774EC59A3143} = {E5874454-9E49-4E10-95D0-A51D90049A23}
		{1C24F56F-47DB-4EF1-AC5A-376AC3EBDDE7} = {E5874454-9E49-4E10-95D0-A51D90049A23}
		{BC9F71DF-2EDD-40EE-B8BF-757723F31BF5} = {E5874454-9E49-4E10-95D0-A51D90049A23}
		{DF0F6ECB-FA35-4E27-81CE-4F620D50515C} = {E5874454-9E49-4E10-95D0-A51D90049A23}
		{C5CDEEBE-E545-4098-A7B3-24A7BEC0F142} = {E5874454-9E49-4E10-95D0-A51D90049A23}
		{72BC9DE4-4899-49AB-BBB9-F5F1011728EE} = {E5874454-9E49-4E10-95D0-A51D90049A23}
		{43EFEDBB-5737-4A9E-84DD-F8E178CFE692} = {E5874454-9E49-4E10-95D0-A51D90049A23}
		{80891A3F-C079-40C1-B718-ADCEE3A9F46C} = {E5874454-9E49-4E10-95D0-A51D90049A23}
		{B74C1C00-9111-4A5E-BC29-C9671F7A11D2} = {E5874454-9E49-4E10-95D0-A51D90049A23}
		{9B7D9065-0EA9-41BB-8D8C-AA2564338CEB} = {E5874454-9E49-4E10-95D0-A51D90049A23}
		{3D78025F-7DC3-44D2-8F6C-D42B22730F1C} = {E5874454-9E49-4E10-95D0-A51D90049A23}
		{4D8B2ACE-AED4-452A-B6BC-EF02858DEF2F} = {E5874454-9E49-4E10-95D0-A51D90049A23}
		{19D61BA4-4B53-49D1-BC0E-CFB80F674E17} = {B49CE204-A897-4D3E-BA4C-F82313F3040D}
		{064B4C48-10E7-49FC-9A9D-8FA36DEBA0C1} = {AD1D9A68-6102-4870-AC92-82FC4F267BBA}
		{3009A050-9BCE-400F-8C36-EF3FDA60B205} = {AD1D9A68-6102-4870-AC92-82FC4F267BBA}
		{B007154E-18D2-40DF-9EED-9B64FE1C6F05} = {AD1D9A68-6102-4870-AC92-82FC4F267BBA}
		{74C91F7B-797E-4216-AA48-6D07C8CC003E} = {AD1D9A68-6102-4870-AC92-82FC4F267BBA}
		{265C2A92-17E5-4E73-AD5B-F85F1BBBD250} = {0295761B-05CC-49AD-8689-C3DCD877DBB5}
		{710E304E-743B-433D-8DE7-115AADE757F1} = {0295761B-05CC-49AD-8689-C3DCD877DBB5}
		{F62BC1C4-BBBF-47A6-BCE0-0DF2A8A2744D} = {0295761B-05CC-49AD-8689-C3DCD877DBB5}
		{8DFC07DF-BACF-4EFC-BB79-25B8FAF93092} = {AD932B8C-A6E4-43C8-8526-12D193BDF5CB}
	EndGlobalSection
EndGlobal
